
Microsoft Visual Studio Solution File, Format Version 12.00
# Visual Studio 15
VisualStudioVersion = 15.0.28307.168
MinimumVisualStudioVersion = 10.0.40219.1
Project("{FAE04EC0-301F-11D3-BF4B-00C04F79EFBC}") = "PostEffectTest", "PostEffectTest\PostEffectTest.csproj", "{B8E4A637-3C83-4ED5-A5DB-C1E2E8798A05}"
EndProject
Global
	GlobalSection(SolutionConfigurationPlatforms) = preSolution
		Debug|Any CPU = Debug|Any CPU
		Release|Any CPU = Release|Any CPU
	EndGlobalSection
	GlobalSection(ProjectConfigurationPlatforms) = postSolution
		{B8E4A637-3C83-4ED5-A5DB-C1E2E8798A05}.Debug|Any CPU.ActiveCfg = Debug|Any CPU
		{B8E4A637-3C83-4ED5-A5DB-C1E2E8798A05}.Debug|Any CPU.Build.0 = Debug|Any CPU
		{B8E4A637-3C83-4ED5-A5DB-C1E2E8798A05}.Release|Any CPU.ActiveCfg = Release|Any CPU
		{B8E4A637-3C83-4ED5-A5DB-C1E2E8798A05}.Release|Any CPU.Build.0 = Release|Any CPU
	EndGlobalSection
	GlobalSection(SolutionProperties) = preSolution
		HideSolutionNode = FALSE
	EndGlobalSection
	GlobalSection(ExtensibilityGlobals) = postSolution
		SolutionGuid = {B9DB12BF-7881-4B98-B510-F004CABD923B}
	EndGlobalSection
EndGlobal
